
Microsoft Visual Studio Solution File, Format Version 12.00
# Visual Studio Version 17
VisualStudioVersion = 17.3.32819.101
MinimumVisualStudioVersion = 15.0.26124.0
Project("{9A19103F-16F7-4668-BE54-9A1E7A4F7556}") = "TodoApi", "TodoApi\TodoApi.csproj", "{FCBB0396-D2AC-4204-B94E-16B1E3EC461E}"
EndProject
Project("{9A19103F-16F7-4668-BE54-9A1E7A4F7556}") = "TodoApi.Tests", "TodoApi.Tests\TodoApi.Tests.csproj", "{36283505-6E24-4F9A-A487-27EBFE2000DC}"
EndProject
Project("{2150E333-8FDC-42A3-9474-1A3956D46DE8}") = "Part2", "Part2", "{17362F70-C0C9-4F0F-BF00-70A57B443FCE}"
EndProject
Project("{2150E333-8FDC-42A3-9474-1A3956D46DE8}") = "Part1", "Part1", "{B098579B-4224-44A9-BF18-6B158AA86E81}"
EndProject
Project("{FAE04EC0-301F-11D3-BF4B-00C04F79EFBC}") = "RetSettlementDates.Api", "RetSettlementDates.Api\RetSettlementDates.Api.csproj", "{C659E8A2-ABC1-4526-9F1B-A573213800C6}"
EndProject
Project("{FAE04EC0-301F-11D3-BF4B-00C04F79EFBC}") = "RetSettlementDates.Domain", "RetSettlementDates.Domain\RetSettlementDates.Domain.csproj", "{DCB577D0-7AE4-4205-A083-BE68E663BF2A}"
EndProject
Project("{FAE04EC0-301F-11D3-BF4B-00C04F79EFBC}") = "RetSettlementDates.Unit", "RetSettlementDates.Unit\RetSettlementDates.Unit.csproj", "{248305AE-33D1-42CE-BD4C-DAF5EAC8C743}"
EndProject
Project("{FAE04EC0-301F-11D3-BF4B-00C04F79EFBC}") = "RetSettlementDates.Integrations", "RetSettlementDates.Integrations\RetSettlementDates.Integrations.csproj", "{24767250-42E0-48B9-A0BD-86AF0841E3D5}"
EndProject
Global
	GlobalSection(SolutionConfigurationPlatforms) = preSolution
		Debug|Any CPU = Debug|Any CPU
		Debug|x64 = Debug|x64
		Debug|x86 = Debug|x86
		Release|Any CPU = Release|Any CPU
		Release|x64 = Release|x64
		Release|x86 = Release|x86
	EndGlobalSection
	GlobalSection(ProjectConfigurationPlatforms) = postSolution
		{FCBB0396-D2AC-4204-B94E-16B1E3EC461E}.Debug|Any CPU.ActiveCfg = Debug|Any CPU
		{FCBB0396-D2AC-4204-B94E-16B1E3EC461E}.Debug|Any CPU.Build.0 = Debug|Any CPU
		{FCBB0396-D2AC-4204-B94E-16B1E3EC461E}.Debug|x64.ActiveCfg = Debug|Any CPU
		{FCBB0396-D2AC-4204-B94E-16B1E3EC461E}.Debug|x64.Build.0 = Debug|Any CPU
		{FCBB0396-D2AC-4204-B94E-16B1E3EC461E}.Debug|x86.ActiveCfg = Debug|Any CPU
		{FCBB0396-D2AC-4204-B94E-16B1E3EC461E}.Debug|x86.Build.0 = Debug|Any CPU
		{FCBB0396-D2AC-4204-B94E-16B1E3EC461E}.Release|Any CPU.ActiveCfg = Release|Any CPU
		{FCBB0396-D2AC-4204-B94E-16B1E3EC461E}.Release|Any CPU.Build.0 = Release|Any CPU
		{FCBB0396-D2AC-4204-B94E-16B1E3EC461E}.Release|x64.ActiveCfg = Release|Any CPU
		{FCBB0396-D2AC-4204-B94E-16B1E3EC461E}.Release|x64.Build.0 = Release|Any CPU
		{FCBB0396-D2AC-4204-B94E-16B1E3EC461E}.Release|x86.ActiveCfg = Release|Any CPU
		{FCBB0396-D2AC-4204-B94E-16B1E3EC461E}.Release|x86.Build.0 = Release|Any CPU
		{36283505-6E24-4F9A-A487-27EBFE2000DC}.Debug|Any CPU.ActiveCfg = Debug|Any CPU
		{36283505-6E24-4F9A-A487-27EBFE2000DC}.Debug|Any CPU.Build.0 = Debug|Any CPU
		{36283505-6E24-4F9A-A487-27EBFE2000DC}.Debug|x64.ActiveCfg = Debug|Any CPU
		{36283505-6E24-4F9A-A487-27EBFE2000DC}.Debug|x64.Build.0 = Debug|Any CPU
		{36283505-6E24-4F9A-A487-27EBFE2000DC}.Debug|x86.ActiveCfg = Debug|Any CPU
		{36283505-6E24-4F9A-A487-27EBFE2000DC}.Debug|x86.Build.0 = Debug|Any CPU
		{36283505-6E24-4F9A-A487-27EBFE2000DC}.Release|Any CPU.ActiveCfg = Release|Any CPU
		{36283505-6E24-4F9A-A487-27EBFE2000DC}.Release|Any CPU.Build.0 = Release|Any CPU
		{36283505-6E24-4F9A-A487-27EBFE2000DC}.Release|x64.ActiveCfg = Release|Any CPU
		{36283505-6E24-4F9A-A487-27EBFE2000DC}.Release|x64.Build.0 = Release|Any CPU
		{36283505-6E24-4F9A-A487-27EBFE2000DC}.Release|x86.ActiveCfg = Release|Any CPU
		{36283505-6E24-4F9A-A487-27EBFE2000DC}.Release|x86.Build.0 = Release|Any CPU
		{C659E8A2-ABC1-4526-9F1B-A573213800C6}.Debug|Any CPU.ActiveCfg = Debug|Any CPU
		{C659E8A2-ABC1-4526-9F1B-A573213800C6}.Debug|Any CPU.Build.0 = Debug|Any CPU
		{C659E8A2-ABC1-4526-9F1B-A573213800C6}.Debug|x64.ActiveCfg = Debug|Any CPU
		{C659E8A2-ABC1-4526-9F1B-A573213800C6}.Debug|x64.Build.0 = Debug|Any CPU
		{C659E8A2-ABC1-4526-9F1B-A573213800C6}.Debug|x86.ActiveCfg = Debug|Any CPU
		{C659E8A2-ABC1-4526-9F1B-A573213800C6}.Debug|x86.Build.0 = Debug|Any CPU
		{C659E8A2-ABC1-4526-9F1B-A573213800C6}.Release|Any CPU.ActiveCfg = Release|Any CPU
		{C659E8A2-ABC1-4526-9F1B-A573213800C6}.Release|Any CPU.Build.0 = Release|Any CPU
		{C659E8A2-ABC1-4526-9F1B-A573213800C6}.Release|x64.ActiveCfg = Release|Any CPU
		{C659E8A2-ABC1-4526-9F1B-A573213800C6}.Release|x64.Build.0 = Release|Any CPU
		{C659E8A2-ABC1-4526-9F1B-A573213800C6}.Release|x86.ActiveCfg = Release|Any CPU
		{C659E8A2-ABC1-4526-9F1B-A573213800C6}.Release|x86.Build.0 = Release|Any CPU
		{DCB577D0-7AE4-4205-A083-BE68E663BF2A}.Debug|Any CPU.ActiveCfg = Debug|Any CPU
		{DCB577D0-7AE4-4205-A083-BE68E663BF2A}.Debug|Any CPU.Build.0 = Debug|Any CPU
		{DCB577D0-7AE4-4205-A083-BE68E663BF2A}.Debug|x64.ActiveCfg = Debug|Any CPU
		{DCB577D0-7AE4-4205-A083-BE68E663BF2A}.Debug|x64.Build.0 = Debug|Any CPU
		{DCB577D0-7AE4-4205-A083-BE68E663BF2A}.Debug|x86.ActiveCfg = Debug|Any CPU
		{DCB577D0-7AE4-4205-A083-BE68E663BF2A}.Debug|x86.Build.0 = Debug|Any CPU
		{DCB577D0-7AE4-4205-A083-BE68E663BF2A}.Release|Any CPU.ActiveCfg = Release|Any CPU
		{DCB577D0-7AE4-4205-A083-BE68E663BF2A}.Release|Any CPU.Build.0 = Release|Any CPU
		{DCB577D0-7AE4-4205-A083-BE68E663BF2A}.Release|x64.ActiveCfg = Release|Any CPU
		{DCB577D0-7AE4-4205-A083-BE68E663BF2A}.Release|x64.Build.0 = Release|Any CPU
		{DCB577D0-7AE4-4205-A083-BE68E663BF2A}.Release|x86.ActiveCfg = Release|Any CPU
		{DCB577D0-7AE4-4205-A083-BE68E663BF2A}.Release|x86.Build.0 = Release|Any CPU
		{248305AE-33D1-42CE-BD4C-DAF5EAC8C743}.Debug|Any CPU.ActiveCfg = Debug|Any CPU
		{248305AE-33D1-42CE-BD4C-DAF5EAC8C743}.Debug|Any CPU.Build.0 = Debug|Any CPU
		{248305AE-33D1-42CE-BD4C-DAF5EAC8C743}.Debug|x64.ActiveCfg = Debug|Any CPU
		{248305AE-33D1-42CE-BD4C-DAF5EAC8C743}.Debug|x64.Build.0 = Debug|Any CPU
		{248305AE-33D1-42CE-BD4C-DAF5EAC8C743}.Debug|x86.ActiveCfg = Debug|Any CPU
		{248305AE-33D1-42CE-BD4C-DAF5EAC8C743}.Debug|x86.Build.0 = Debug|Any CPU
		{248305AE-33D1-42CE-BD4C-DAF5EAC8C743}.Release|Any CPU.ActiveCfg = Release|Any CPU
		{248305AE-33D1-42CE-BD4C-DAF5EAC8C743}.Release|Any CPU.Build.0 = Release|Any CPU
		{248305AE-33D1-42CE-BD4C-DAF5EAC8C743}.Release|x64.ActiveCfg = Release|Any CPU
		{248305AE-33D1-42CE-BD4C-DAF5EAC8C743}.Release|x64.Build.0 = Release|Any CPU
		{248305AE-33D1-42CE-BD4C-DAF5EAC8C743}.Release|x86.ActiveCfg = Release|Any CPU
		{248305AE-33D1-42CE-BD4C-DAF5EAC8C743}.Release|x86.Build.0 = Release|Any CPU
		{24767250-42E0-48B9-A0BD-86AF0841E3D5}.Debug|Any CPU.ActiveCfg = Debug|Any CPU
		{24767250-42E0-48B9-A0BD-86AF0841E3D5}.Debug|Any CPU.Build.0 = Debug|Any CPU
		{24767250-42E0-48B9-A0BD-86AF0841E3D5}.Debug|x64.ActiveCfg = Debug|Any CPU
		{24767250-42E0-48B9-A0BD-86AF0841E3D5}.Debug|x64.Build.0 = Debug|Any CPU
		{24767250-42E0-48B9-A0BD-86AF0841E3D5}.Debug|x86.ActiveCfg = Debug|Any CPU
		{24767250-42E0-48B9-A0BD-86AF0841E3D5}.Debug|x86.Build.0 = Debug|Any CPU
		{24767250-42E0-48B9-A0BD-86AF0841E3D5}.Release|Any CPU.ActiveCfg = Release|Any CPU
		{24767250-42E0-48B9-A0BD-86AF0841E3D5}.Release|Any CPU.Build.0 = Release|Any CPU
		{24767250-42E0-48B9-A0BD-86AF0841E3D5}.Release|x64.ActiveCfg = Release|Any CPU
		{24767250-42E0-48B9-A0BD-86AF0841E3D5}.Release|x64.Build.0 = Release|Any CPU
		{24767250-42E0-48B9-A0BD-86AF0841E3D5}.Release|x86.ActiveCfg = Release|Any CPU
		{24767250-42E0-48B9-A0BD-86AF0841E3D5}.Release|x86.Build.0 = Release|Any CPU
	EndGlobalSection
	GlobalSection(SolutionProperties) = preSolution
		HideSolutionNode = FALSE
	EndGlobalSection
	GlobalSection(NestedProjects) = preSolution
		{FCBB0396-D2AC-4204-B94E-16B1E3EC461E} = {17362F70-C0C9-4F0F-BF00-70A57B443FCE}
		{36283505-6E24-4F9A-A487-27EBFE2000DC} = {17362F70-C0C9-4F0F-BF00-70A57B443FCE}
		{C659E8A2-ABC1-4526-9F1B-A573213800C6} = {B098579B-4224-44A9-BF18-6B158AA86E81}
		{DCB577D0-7AE4-4205-A083-BE68E663BF2A} = {B098579B-4224-44A9-BF18-6B158AA86E81}
		{248305AE-33D1-42CE-BD4C-DAF5EAC8C743} = {B098579B-4224-44A9-BF18-6B158AA86E81}
		{24767250-42E0-48B9-A0BD-86AF0841E3D5} = {B098579B-4224-44A9-BF18-6B158AA86E81}
	EndGlobalSection
	GlobalSection(ExtensibilityGlobals) = postSolution
		SolutionGuid = {36352058-E8D3-4BA2-A731-5D4909C2032D}
	EndGlobalSection
EndGlobal
